
Microsoft Visual Studio Solution File, Format Version 12.00
# Visual Studio Version 16
VisualStudioVersion = 16.0.31515.178
MinimumVisualStudioVersion = 10.0.40219.1
Project("{FAE04EC0-301F-11D3-BF4B-00C04F79EFBC}") = "compliance.API", "compliance.API\compliance.API.csproj", "{C274DC11-ADFA-4DC6-B8C6-6289FC896C2B}"
EndProject
Project("{FAE04EC0-301F-11D3-BF4B-00C04F79EFBC}") = "compliance.Database", "compliance.Database\compliance.Database.csproj", "{133CD641-02EE-4366-A424-1CC0B38966CC}"
EndProject
Project("{FAE04EC0-301F-11D3-BF4B-00C04F79EFBC}") = "compliance.Models", "compliance.Models\compliance.Models.csproj", "{39FAC8AF-3A1E-45B7-84B6-38375F80E8A4}"
EndProject
Project("{FAE04EC0-301F-11D3-BF4B-00C04F79EFBC}") = "compliance.Services", "compliance.Services\compliance.Services.csproj", "{7B7998C8-4B8C-44DB-9CCF-AD04346E1E9B}"
EndProject
Global
	GlobalSection(SolutionConfigurationPlatforms) = preSolution
		Debug|Any CPU = Debug|Any CPU
		Release|Any CPU = Release|Any CPU
	EndGlobalSection
	GlobalSection(ProjectConfigurationPlatforms) = postSolution
		{C274DC11-ADFA-4DC6-B8C6-6289FC896C2B}.Debug|Any CPU.ActiveCfg = Debug|Any CPU
		{C274DC11-ADFA-4DC6-B8C6-6289FC896C2B}.Debug|Any CPU.Build.0 = Debug|Any CPU
		{C274DC11-ADFA-4DC6-B8C6-6289FC896C2B}.Release|Any CPU.ActiveCfg = Release|Any CPU
		{C274DC11-ADFA-4DC6-B8C6-6289FC896C2B}.Release|Any CPU.Build.0 = Release|Any CPU
		{133CD641-02EE-4366-A424-1CC0B38966CC}.Debug|Any CPU.ActiveCfg = Debug|Any CPU
		{133CD641-02EE-4366-A424-1CC0B38966CC}.Debug|Any CPU.Build.0 = Debug|Any CPU
		{133CD641-02EE-4366-A424-1CC0B38966CC}.Release|Any CPU.ActiveCfg = Release|Any CPU
		{133CD641-02EE-4366-A424-1CC0B38966CC}.Release|Any CPU.Build.0 = Release|Any CPU
		{39FAC8AF-3A1E-45B7-84B6-38375F80E8A4}.Debug|Any CPU.ActiveCfg = Debug|Any CPU
		{39FAC8AF-3A1E-45B7-84B6-38375F80E8A4}.Debug|Any CPU.Build.0 = Debug|Any CPU
		{39FAC8AF-3A1E-45B7-84B6-38375F80E8A4}.Release|Any CPU.ActiveCfg = Release|Any CPU
		{39FAC8AF-3A1E-45B7-84B6-38375F80E8A4}.Release|Any CPU.Build.0 = Release|Any CPU
		{7B7998C8-4B8C-44DB-9CCF-AD04346E1E9B}.Debug|Any CPU.ActiveCfg = Debug|Any CPU
		{7B7998C8-4B8C-44DB-9CCF-AD04346E1E9B}.Debug|Any CPU.Build.0 = Debug|Any CPU
		{7B7998C8-4B8C-44DB-9CCF-AD04346E1E9B}.Release|Any CPU.ActiveCfg = Release|Any CPU
		{7B7998C8-4B8C-44DB-9CCF-AD04346E1E9B}.Release|Any CPU.Build.0 = Release|Any CPU
	EndGlobalSection
	GlobalSection(SolutionProperties) = preSolution
		HideSolutionNode = FALSE
	EndGlobalSection
	GlobalSection(ExtensibilityGlobals) = postSolution
		SolutionGuid = {7E8878B7-2D25-4E75-8F9A-E1FE6D441807}
	EndGlobalSection
EndGlobal
